// !$*UTF8*$!
{
	archiveVersion = 1;
	classes = {
	};
	objectVersion = 50;
	objects = {

/* Begin PBXBuildFile section */
		2311729922C162B000C7053B /* AppDelegate.swift in Sources */ = {isa = PBXBuildFile; fileRef = 2311729822C162B000C7053B /* AppDelegate.swift */; };
		2311729F22C162B000C7053B /* GameScene.swift in Sources */ = {isa = PBXBuildFile; fileRef = 2311729E22C162B000C7053B /* GameScene.swift */; };
		231172A122C162B000C7053B /* GameViewController.swift in Sources */ = {isa = PBXBuildFile; fileRef = 231172A022C162B000C7053B /* GameViewController.swift */; };
		231172A422C162B000C7053B /* Main.storyboard in Resources */ = {isa = PBXBuildFile; fileRef = 231172A222C162B000C7053B /* Main.storyboard */; };
		231172A622C162B100C7053B /* Assets.xcassets in Resources */ = {isa = PBXBuildFile; fileRef = 231172A522C162B100C7053B /* Assets.xcassets */; };
		231172A922C162B100C7053B /* LaunchScreen.storyboard in Resources */ = {isa = PBXBuildFile; fileRef = 231172A722C162B100C7053B /* LaunchScreen.storyboard */; };
		231172B422C162B100C7053B /* GyroPadTests.swift in Sources */ = {isa = PBXBuildFile; fileRef = 231172B322C162B100C7053B /* GyroPadTests.swift */; };
		231172BF22C162B100C7053B /* GyroPadUITests.swift in Sources */ = {isa = PBXBuildFile; fileRef = 231172BE22C162B100C7053B /* GyroPadUITests.swift */; };
		231172CD22C18B5D00C7053B /* CharacterNode.swift in Sources */ = {isa = PBXBuildFile; fileRef = 231172CC22C18B5D00C7053B /* CharacterNode.swift */; };
		231172CF22C18C6400C7053B /* GyroTileSet.sks in Resources */ = {isa = PBXBuildFile; fileRef = 231172CE22C18C6400C7053B /* GyroTileSet.sks */; };
		231172D722C26C8C00C7053B /* BitMask.swift in Sources */ = {isa = PBXBuildFile; fileRef = 231172D622C26C8C00C7053B /* BitMask.swift */; };
		231172E022C4F1AC00C7053B /* MapCoordinates.swift in Sources */ = {isa = PBXBuildFile; fileRef = 231172DF22C4F1AC00C7053B /* MapCoordinates.swift */; };
		231172E222C4F47000C7053B /* BitMask+GyroPad.swift in Sources */ = {isa = PBXBuildFile; fileRef = 231172E122C4F47000C7053B /* BitMask+GyroPad.swift */; };
		238C3DA322C50D7E0077CA2B /* GameScene.sks in Resources */ = {isa = PBXBuildFile; fileRef = 238C3DA222C50D7E0077CA2B /* GameScene.sks */; };
		238C3DA722C54BEE0077CA2B /* LevelMap.swift in Sources */ = {isa = PBXBuildFile; fileRef = 238C3DA622C54BEE0077CA2B /* LevelMap.swift */; };
		238C3DA922C54DB60077CA2B /* LevelMapBuilder.swift in Sources */ = {isa = PBXBuildFile; fileRef = 238C3DA822C54DB60077CA2B /* LevelMapBuilder.swift */; };
		238C3DAB22C54FAC0077CA2B /* MapConfig.swift in Sources */ = {isa = PBXBuildFile; fileRef = 238C3DAA22C54FAC0077CA2B /* MapConfig.swift */; };
		238C3DAF22C553660077CA2B /* LevelReader.swift in Sources */ = {isa = PBXBuildFile; fileRef = 238C3DAE22C553660077CA2B /* LevelReader.swift */; };
		238C3DB122C66C3F0077CA2B /* TileProvider.swift in Sources */ = {isa = PBXBuildFile; fileRef = 238C3DB022C66C3F0077CA2B /* TileProvider.swift */; };
		238C3DB322C66C460077CA2B /* MapElement.swift in Sources */ = {isa = PBXBuildFile; fileRef = 238C3DB222C66C460077CA2B /* MapElement.swift */; };
		238C3DB622C68C760077CA2B /* PipeNode.swift in Sources */ = {isa = PBXBuildFile; fileRef = 238C3DB522C68C760077CA2B /* PipeNode.swift */; };
/* End PBXBuildFile section */

/* Begin PBXContainerItemProxy section */
		231172B022C162B100C7053B /* PBXContainerItemProxy */ = {
			isa = PBXContainerItemProxy;
			containerPortal = 2311728D22C162B000C7053B /* Project object */;
			proxyType = 1;
			remoteGlobalIDString = 2311729422C162B000C7053B;
			remoteInfo = GyroPad;
		};
		231172BB22C162B100C7053B /* PBXContainerItemProxy */ = {
			isa = PBXContainerItemProxy;
			containerPortal = 2311728D22C162B000C7053B /* Project object */;
			proxyType = 1;
			remoteGlobalIDString = 2311729422C162B000C7053B;
			remoteInfo = GyroPad;
		};
/* End PBXContainerItemProxy section */

/* Begin PBXFileReference section */
		2311729522C162B000C7053B /* GyroPad.app */ = {isa = PBXFileReference; explicitFileType = wrapper.application; includeInIndex = 0; path = GyroPad.app; sourceTree = BUILT_PRODUCTS_DIR; };
		2311729822C162B000C7053B /* AppDelegate.swift */ = {isa = PBXFileReference; lastKnownFileType = sourcecode.swift; path = AppDelegate.swift; sourceTree = "<group>"; };
		2311729E22C162B000C7053B /* GameScene.swift */ = {isa = PBXFileReference; lastKnownFileType = sourcecode.swift; path = GameScene.swift; sourceTree = "<group>"; };
		231172A022C162B000C7053B /* GameViewController.swift */ = {isa = PBXFileReference; lastKnownFileType = sourcecode.swift; path = GameViewController.swift; sourceTree = "<group>"; };
		231172A322C162B000C7053B /* Base */ = {isa = PBXFileReference; lastKnownFileType = file.storyboard; name = Base; path = Base.lproj/Main.storyboard; sourceTree = "<group>"; };
		231172A522C162B100C7053B /* Assets.xcassets */ = {isa = PBXFileReference; lastKnownFileType = folder.assetcatalog; path = Assets.xcassets; sourceTree = "<group>"; };
		231172A822C162B100C7053B /* Base */ = {isa = PBXFileReference; lastKnownFileType = file.storyboard; name = Base; path = Base.lproj/LaunchScreen.storyboard; sourceTree = "<group>"; };
		231172AA22C162B100C7053B /* Info.plist */ = {isa = PBXFileReference; lastKnownFileType = text.plist.xml; path = Info.plist; sourceTree = "<group>"; };
		231172AF22C162B100C7053B /* GyroPadTests.xctest */ = {isa = PBXFileReference; explicitFileType = wrapper.cfbundle; includeInIndex = 0; path = GyroPadTests.xctest; sourceTree = BUILT_PRODUCTS_DIR; };
		231172B322C162B100C7053B /* GyroPadTests.swift */ = {isa = PBXFileReference; lastKnownFileType = sourcecode.swift; path = GyroPadTests.swift; sourceTree = "<group>"; };
		231172B522C162B100C7053B /* Info.plist */ = {isa = PBXFileReference; lastKnownFileType = text.plist.xml; path = Info.plist; sourceTree = "<group>"; };
		231172BA22C162B100C7053B /* GyroPadUITests.xctest */ = {isa = PBXFileReference; explicitFileType = wrapper.cfbundle; includeInIndex = 0; path = GyroPadUITests.xctest; sourceTree = BUILT_PRODUCTS_DIR; };
		231172BE22C162B100C7053B /* GyroPadUITests.swift */ = {isa = PBXFileReference; lastKnownFileType = sourcecode.swift; path = GyroPadUITests.swift; sourceTree = "<group>"; };
		231172C022C162B100C7053B /* Info.plist */ = {isa = PBXFileReference; lastKnownFileType = text.plist.xml; path = Info.plist; sourceTree = "<group>"; };
		231172CC22C18B5D00C7053B /* CharacterNode.swift */ = {isa = PBXFileReference; lastKnownFileType = sourcecode.swift; path = CharacterNode.swift; sourceTree = "<group>"; };
		231172CE22C18C6400C7053B /* GyroTileSet.sks */ = {isa = PBXFileReference; lastKnownFileType = file.sks; path = GyroTileSet.sks; sourceTree = "<group>"; };
		231172D622C26C8C00C7053B /* BitMask.swift */ = {isa = PBXFileReference; lastKnownFileType = sourcecode.swift; path = BitMask.swift; sourceTree = "<group>"; };
		231172DF22C4F1AC00C7053B /* MapCoordinates.swift */ = {isa = PBXFileReference; lastKnownFileType = sourcecode.swift; path = MapCoordinates.swift; sourceTree = "<group>"; };
		231172E122C4F47000C7053B /* BitMask+GyroPad.swift */ = {isa = PBXFileReference; lastKnownFileType = sourcecode.swift; path = "BitMask+GyroPad.swift"; sourceTree = "<group>"; };
		238C3DA222C50D7E0077CA2B /* GameScene.sks */ = {isa = PBXFileReference; lastKnownFileType = file.sks; path = GameScene.sks; sourceTree = "<group>"; };
		238C3DA622C54BEE0077CA2B /* LevelMap.swift */ = {isa = PBXFileReference; lastKnownFileType = sourcecode.swift; path = LevelMap.swift; sourceTree = "<group>"; };
		238C3DA822C54DB60077CA2B /* LevelMapBuilder.swift */ = {isa = PBXFileReference; lastKnownFileType = sourcecode.swift; path = LevelMapBuilder.swift; sourceTree = "<group>"; };
		238C3DAA22C54FAC0077CA2B /* MapConfig.swift */ = {isa = PBXFileReference; lastKnownFileType = sourcecode.swift; path = MapConfig.swift; sourceTree = "<group>"; };
		238C3DAE22C553660077CA2B /* LevelReader.swift */ = {isa = PBXFileReference; lastKnownFileType = sourcecode.swift; path = LevelReader.swift; sourceTree = "<group>"; };
		238C3DB022C66C3F0077CA2B /* TileProvider.swift */ = {isa = PBXFileReference; lastKnownFileType = sourcecode.swift; path = TileProvider.swift; sourceTree = "<group>"; };
		238C3DB222C66C460077CA2B /* MapElement.swift */ = {isa = PBXFileReference; lastKnownFileType = sourcecode.swift; path = MapElement.swift; sourceTree = "<group>"; };
		238C3DB522C68C760077CA2B /* PipeNode.swift */ = {isa = PBXFileReference; lastKnownFileType = sourcecode.swift; path = PipeNode.swift; sourceTree = "<group>"; };
/* End PBXFileReference section */

/* Begin PBXFrameworksBuildPhase section */
		2311729222C162B000C7053B /* Frameworks */ = {
			isa = PBXFrameworksBuildPhase;
			buildActionMask = 2147483647;
			files = (
			);
			runOnlyForDeploymentPostprocessing = 0;
		};
		231172AC22C162B100C7053B /* Frameworks */ = {
			isa = PBXFrameworksBuildPhase;
			buildActionMask = 2147483647;
			files = (
			);
			runOnlyForDeploymentPostprocessing = 0;
		};
		231172B722C162B100C7053B /* Frameworks */ = {
			isa = PBXFrameworksBuildPhase;
			buildActionMask = 2147483647;
			files = (
			);
			runOnlyForDeploymentPostprocessing = 0;
		};
/* End PBXFrameworksBuildPhase section */

/* Begin PBXGroup section */
		2311728C22C162B000C7053B = {
			isa = PBXGroup;
			children = (
				2311729722C162B000C7053B /* GyroPad */,
				231172B222C162B100C7053B /* GyroPadTests */,
				231172BD22C162B100C7053B /* GyroPadUITests */,
				2311729622C162B000C7053B /* Products */,
			);
			sourceTree = "<group>";
		};
		2311729622C162B000C7053B /* Products */ = {
			isa = PBXGroup;
			children = (
				2311729522C162B000C7053B /* GyroPad.app */,
				231172AF22C162B100C7053B /* GyroPadTests.xctest */,
				231172BA22C162B100C7053B /* GyroPadUITests.xctest */,
			);
			name = Products;
			sourceTree = "<group>";
		};
		2311729722C162B000C7053B /* GyroPad */ = {
			isa = PBXGroup;
			children = (
				238C3DB422C68C630077CA2B /* Nodes */,
				238C3DA122C50D580077CA2B /* Scenes */,
				231172DA22C4582E00C7053B /* Map */,
				2311729822C162B000C7053B /* AppDelegate.swift */,
				231172A022C162B000C7053B /* GameViewController.swift */,
				231172D622C26C8C00C7053B /* BitMask.swift */,
				231172E122C4F47000C7053B /* BitMask+GyroPad.swift */,
				231172A222C162B000C7053B /* Main.storyboard */,
				231172A522C162B100C7053B /* Assets.xcassets */,
				231172CE22C18C6400C7053B /* GyroTileSet.sks */,
				231172A722C162B100C7053B /* LaunchScreen.storyboard */,
				231172AA22C162B100C7053B /* Info.plist */,
			);
			path = GyroPad;
			sourceTree = "<group>";
		};
		231172B222C162B100C7053B /* GyroPadTests */ = {
			isa = PBXGroup;
			children = (
				231172B322C162B100C7053B /* GyroPadTests.swift */,
				231172B522C162B100C7053B /* Info.plist */,
			);
			path = GyroPadTests;
			sourceTree = "<group>";
		};
		231172BD22C162B100C7053B /* GyroPadUITests */ = {
			isa = PBXGroup;
			children = (
				231172BE22C162B100C7053B /* GyroPadUITests.swift */,
				231172C022C162B100C7053B /* Info.plist */,
			);
			path = GyroPadUITests;
			sourceTree = "<group>";
		};
		231172DA22C4582E00C7053B /* Map */ = {
			isa = PBXGroup;
			children = (
				238C3DA622C54BEE0077CA2B /* LevelMap.swift */,
				238C3DA822C54DB60077CA2B /* LevelMapBuilder.swift */,
				238C3DAA22C54FAC0077CA2B /* MapConfig.swift */,
				238C3DAE22C553660077CA2B /* LevelReader.swift */,
				238C3DB022C66C3F0077CA2B /* TileProvider.swift */,
				238C3DB222C66C460077CA2B /* MapElement.swift */,
				231172DF22C4F1AC00C7053B /* MapCoordinates.swift */,
			);
			path = Map;
			sourceTree = "<group>";
		};
		238C3DA122C50D580077CA2B /* Scenes */ = {
			isa = PBXGroup;
			children = (
				238C3DA222C50D7E0077CA2B /* GameScene.sks */,
				2311729E22C162B000C7053B /* GameScene.swift */,
			);
			path = Scenes;
			sourceTree = "<group>";
		};
		238C3DB422C68C630077CA2B /* Nodes */ = {
			isa = PBXGroup;
			children = (
				231172CC22C18B5D00C7053B /* CharacterNode.swift */,
				238C3DB522C68C760077CA2B /* PipeNode.swift */,
			);
			path = Nodes;
			sourceTree = "<group>";
		};
/* End PBXGroup section */

/* Begin PBXNativeTarget section */
		2311729422C162B000C7053B /* GyroPad */ = {
			isa = PBXNativeTarget;
			buildConfigurationList = 231172C322C162B100C7053B /* Build configuration list for PBXNativeTarget "GyroPad" */;
			buildPhases = (
				2311729122C162B000C7053B /* Sources */,
				2311729222C162B000C7053B /* Frameworks */,
				2311729322C162B000C7053B /* Resources */,
			);
			buildRules = (
			);
			dependencies = (
			);
			name = GyroPad;
			productName = GyroPad;
			productReference = 2311729522C162B000C7053B /* GyroPad.app */;
			productType = "com.apple.product-type.application";
		};
		231172AE22C162B100C7053B /* GyroPadTests */ = {
			isa = PBXNativeTarget;
			buildConfigurationList = 231172C622C162B100C7053B /* Build configuration list for PBXNativeTarget "GyroPadTests" */;
			buildPhases = (
				231172AB22C162B100C7053B /* Sources */,
				231172AC22C162B100C7053B /* Frameworks */,
				231172AD22C162B100C7053B /* Resources */,
			);
			buildRules = (
			);
			dependencies = (
				231172B122C162B100C7053B /* PBXTargetDependency */,
			);
			name = GyroPadTests;
			productName = GyroPadTests;
			productReference = 231172AF22C162B100C7053B /* GyroPadTests.xctest */;
			productType = "com.apple.product-type.bundle.unit-test";
		};
		231172B922C162B100C7053B /* GyroPadUITests */ = {
			isa = PBXNativeTarget;
			buildConfigurationList = 231172C922C162B100C7053B /* Build configuration list for PBXNativeTarget "GyroPadUITests" */;
			buildPhases = (
				231172B622C162B100C7053B /* Sources */,
				231172B722C162B100C7053B /* Frameworks */,
				231172B822C162B100C7053B /* Resources */,
			);
			buildRules = (
			);
			dependencies = (
				231172BC22C162B100C7053B /* PBXTargetDependency */,
			);
			name = GyroPadUITests;
			productName = GyroPadUITests;
			productReference = 231172BA22C162B100C7053B /* GyroPadUITests.xctest */;
			productType = "com.apple.product-type.bundle.ui-testing";
		};
/* End PBXNativeTarget section */

/* Begin PBXProject section */
		2311728D22C162B000C7053B /* Project object */ = {
			isa = PBXProject;
			attributes = {
				LastSwiftUpdateCheck = 1020;
				LastUpgradeCheck = 1020;
				ORGANIZATIONNAME = "Jake Foster";
				TargetAttributes = {
					2311729422C162B000C7053B = {
						CreatedOnToolsVersion = 10.2.1;
					};
					231172AE22C162B100C7053B = {
						CreatedOnToolsVersion = 10.2.1;
						TestTargetID = 2311729422C162B000C7053B;
					};
					231172B922C162B100C7053B = {
						CreatedOnToolsVersion = 10.2.1;
						TestTargetID = 2311729422C162B000C7053B;
					};
				};
			};
			buildConfigurationList = 2311729022C162B000C7053B /* Build configuration list for PBXProject "GyroPad" */;
			compatibilityVersion = "Xcode 9.3";
			developmentRegion = en;
			hasScannedForEncodings = 0;
			knownRegions = (
				en,
				Base,
			);
			mainGroup = 2311728C22C162B000C7053B;
			productRefGroup = 2311729622C162B000C7053B /* Products */;
			projectDirPath = "";
			projectRoot = "";
			targets = (
				2311729422C162B000C7053B /* GyroPad */,
				231172AE22C162B100C7053B /* GyroPadTests */,
				231172B922C162B100C7053B /* GyroPadUITests */,
			);
		};
/* End PBXProject section */

/* Begin PBXResourcesBuildPhase section */
		2311729322C162B000C7053B /* Resources */ = {
			isa = PBXResourcesBuildPhase;
			buildActionMask = 2147483647;
			files = (
				238C3DA322C50D7E0077CA2B /* GameScene.sks in Resources */,
				231172A422C162B000C7053B /* Main.storyboard in Resources */,
				231172CF22C18C6400C7053B /* GyroTileSet.sks in Resources */,
				231172A622C162B100C7053B /* Assets.xcassets in Resources */,
				231172A922C162B100C7053B /* LaunchScreen.storyboard in Resources */,
			);
			runOnlyForDeploymentPostprocessing = 0;
		};
		231172AD22C162B100C7053B /* Resources */ = {
			isa = PBXResourcesBuildPhase;
			buildActionMask = 2147483647;
			files = (
			);
			runOnlyForDeploymentPostprocessing = 0;
		};
		231172B822C162B100C7053B /* Resources */ = {
			isa = PBXResourcesBuildPhase;
			buildActionMask = 2147483647;
			files = (
			);
			runOnlyForDeploymentPostprocessing = 0;
		};
/* End PBXResourcesBuildPhase section */

/* Begin PBXSourcesBuildPhase section */
		2311729122C162B000C7053B /* Sources */ = {
			isa = PBXSourcesBuildPhase;
			buildActionMask = 2147483647;
			files = (
				238C3DAB22C54FAC0077CA2B /* MapConfig.swift in Sources */,
				2311729F22C162B000C7053B /* GameScene.swift in Sources */,
				238C3DB322C66C460077CA2B /* MapElement.swift in Sources */,
				238C3DB622C68C760077CA2B /* PipeNode.swift in Sources */,
				231172CD22C18B5D00C7053B /* CharacterNode.swift in Sources */,
				231172E022C4F1AC00C7053B /* MapCoordinates.swift in Sources */,
				238C3DA722C54BEE0077CA2B /* LevelMap.swift in Sources */,
				238C3DB122C66C3F0077CA2B /* TileProvider.swift in Sources */,
				231172D722C26C8C00C7053B /* BitMask.swift in Sources */,
				238C3DAF22C553660077CA2B /* LevelReader.swift in Sources */,
				231172A122C162B000C7053B /* GameViewController.swift in Sources */,
				2311729922C162B000C7053B /* AppDelegate.swift in Sources */,
				238C3DA922C54DB60077CA2B /* LevelMapBuilder.swift in Sources */,
				231172E222C4F47000C7053B /* BitMask+GyroPad.swift in Sources */,
			);
			runOnlyForDeploymentPostprocessing = 0;
		};
		231172AB22C162B100C7053B /* Sources */ = {
			isa = PBXSourcesBuildPhase;
			buildActionMask = 2147483647;
			files = (
				231172B422C162B100C7053B /* GyroPadTests.swift in Sources */,
			);
			runOnlyForDeploymentPostprocessing = 0;
		};
		231172B622C162B100C7053B /* Sources */ = {
			isa = PBXSourcesBuildPhase;
			buildActionMask = 2147483647;
			files = (
				231172BF22C162B100C7053B /* GyroPadUITests.swift in Sources */,
			);
			runOnlyForDeploymentPostprocessing = 0;
		};
/* End PBXSourcesBuildPhase section */

/* Begin PBXTargetDependency section */
		231172B122C162B100C7053B /* PBXTargetDependency */ = {
			isa = PBXTargetDependency;
			target = 2311729422C162B000C7053B /* GyroPad */;
			targetProxy = 231172B022C162B100C7053B /* PBXContainerItemProxy */;
		};
		231172BC22C162B100C7053B /* PBXTargetDependency */ = {
			isa = PBXTargetDependency;
			target = 2311729422C162B000C7053B /* GyroPad */;
			targetProxy = 231172BB22C162B100C7053B /* PBXContainerItemProxy */;
		};
/* End PBXTargetDependency section */

/* Begin PBXVariantGroup section */
		231172A222C162B000C7053B /* Main.storyboard */ = {
			isa = PBXVariantGroup;
			children = (
				231172A322C162B000C7053B /* Base */,
			);
			name = Main.storyboard;
			sourceTree = "<group>";
		};
		231172A722C162B100C7053B /* LaunchScreen.storyboard */ = {
			isa = PBXVariantGroup;
			children = (
				231172A822C162B100C7053B /* Base */,
			);
			name = LaunchScreen.storyboard;
			sourceTree = "<group>";
		};
/* End PBXVariantGroup section */

/* Begin XCBuildConfiguration section */
		231172C122C162B100C7053B /* Debug */ = {
			isa = XCBuildConfiguration;
			buildSettings = {
				ALWAYS_SEARCH_USER_PATHS = NO;
				CLANG_ANALYZER_NONNULL = YES;
				CLANG_ANALYZER_NUMBER_OBJECT_CONVERSION = YES_AGGRESSIVE;
				CLANG_CXX_LANGUAGE_STANDARD = "gnu++14";
				CLANG_CXX_LIBRARY = "libc++";
				CLANG_ENABLE_MODULES = YES;
				CLANG_ENABLE_OBJC_ARC = YES;
				CLANG_ENABLE_OBJC_WEAK = YES;
				CLANG_WARN_BLOCK_CAPTURE_AUTORELEASING = YES;
				CLANG_WARN_BOOL_CONVERSION = YES;
				CLANG_WARN_COMMA = YES;
				CLANG_WARN_CONSTANT_CONVERSION = YES;
				CLANG_WARN_DEPRECATED_OBJC_IMPLEMENTATIONS = YES;
				CLANG_WARN_DIRECT_OBJC_ISA_USAGE = YES_ERROR;
				CLANG_WARN_DOCUMENTATION_COMMENTS = YES;
				CLANG_WARN_EMPTY_BODY = YES;
				CLANG_WARN_ENUM_CONVERSION = YES;
				CLANG_WARN_INFINITE_RECURSION = YES;
				CLANG_WARN_INT_CONVERSION = YES;
				CLANG_WARN_NON_LITERAL_NULL_CONVERSION = YES;
				CLANG_WARN_OBJC_IMPLICIT_RETAIN_SELF = YES;
				CLANG_WARN_OBJC_LITERAL_CONVERSION = YES;
				CLANG_WARN_OBJC_ROOT_CLASS = YES_ERROR;
				CLANG_WARN_RANGE_LOOP_ANALYSIS = YES;
				CLANG_WARN_STRICT_PROTOTYPES = YES;
				CLANG_WARN_SUSPICIOUS_MOVE = YES;
				CLANG_WARN_UNGUARDED_AVAILABILITY = YES_AGGRESSIVE;
				CLANG_WARN_UNREACHABLE_CODE = YES;
				CLANG_WARN__DUPLICATE_METHOD_MATCH = YES;
				CODE_SIGN_IDENTITY = "iPhone Developer";
				COPY_PHASE_STRIP = NO;
				DEBUG_INFORMATION_FORMAT = dwarf;
				ENABLE_STRICT_OBJC_MSGSEND = YES;
				ENABLE_TESTABILITY = YES;
				GCC_C_LANGUAGE_STANDARD = gnu11;
				GCC_DYNAMIC_NO_PIC = NO;
				GCC_NO_COMMON_BLOCKS = YES;
				GCC_OPTIMIZATION_LEVEL = 0;
				GCC_PREPROCESSOR_DEFINITIONS = (
					"DEBUG=1",
					"$(inherited)",
				);
				GCC_WARN_64_TO_32_BIT_CONVERSION = YES;
				GCC_WARN_ABOUT_RETURN_TYPE = YES_ERROR;
				GCC_WARN_UNDECLARED_SELECTOR = YES;
				GCC_WARN_UNINITIALIZED_AUTOS = YES_AGGRESSIVE;
				GCC_WARN_UNUSED_FUNCTION = YES;
				GCC_WARN_UNUSED_VARIABLE = YES;
				IPHONEOS_DEPLOYMENT_TARGET = 12.2;
				MTL_ENABLE_DEBUG_INFO = INCLUDE_SOURCE;
				MTL_FAST_MATH = YES;
				ONLY_ACTIVE_ARCH = YES;
				SDKROOT = iphoneos;
				SWIFT_ACTIVE_COMPILATION_CONDITIONS = DEBUG;
				SWIFT_OPTIMIZATION_LEVEL = "-Onone";
			};
			name = Debug;
		};
		231172C222C162B100C7053B /* Release */ = {
			isa = XCBuildConfiguration;
			buildSettings = {
				ALWAYS_SEARCH_USER_PATHS = NO;
				CLANG_ANALYZER_NONNULL = YES;
				CLANG_ANALYZER_NUMBER_OBJECT_CONVERSION = YES_AGGRESSIVE;
				CLANG_CXX_LANGUAGE_STANDARD = "gnu++14";
				CLANG_CXX_LIBRARY = "libc++";
				CLANG_ENABLE_MODULES = YES;
				CLANG_ENABLE_OBJC_ARC = YES;
				CLANG_ENABLE_OBJC_WEAK = YES;
				CLANG_WARN_BLOCK_CAPTURE_AUTORELEASING = YES;
				CLANG_WARN_BOOL_CONVERSION = YES;
				CLANG_WARN_COMMA = YES;
				CLANG_WARN_CONSTANT_CONVERSION = YES;
				CLANG_WARN_DEPRECATED_OBJC_IMPLEMENTATIONS = YES;
				CLANG_WARN_DIRECT_OBJC_ISA_USAGE = YES_ERROR;
				CLANG_WARN_DOCUMENTATION_COMMENTS = YES;
				CLANG_WARN_EMPTY_BODY = YES;
				CLANG_WARN_ENUM_CONVERSION = YES;
				CLANG_WARN_INFINITE_RECURSION = YES;
				CLANG_WARN_INT_CONVERSION = YES;
				CLANG_WARN_NON_LITERAL_NULL_CONVERSION = YES;
				CLANG_WARN_OBJC_IMPLICIT_RETAIN_SELF = YES;
				CLANG_WARN_OBJC_LITERAL_CONVERSION = YES;
				CLANG_WARN_OBJC_ROOT_CLASS = YES_ERROR;
				CLANG_WARN_RANGE_LOOP_ANALYSIS = YES;
				CLANG_WARN_STRICT_PROTOTYPES = YES;
				CLANG_WARN_SUSPICIOUS_MOVE = YES;
				CLANG_WARN_UNGUARDED_AVAILABILITY = YES_AGGRESSIVE;
				CLANG_WARN_UNREACHABLE_CODE = YES;
				CLANG_WARN__DUPLICATE_METHOD_MATCH = YES;
				CODE_SIGN_IDENTITY = "iPhone Developer";
				COPY_PHASE_STRIP = NO;
				DEBUG_INFORMATION_FORMAT = "dwarf-with-dsym";
				ENABLE_NS_ASSERTIONS = NO;
				ENABLE_STRICT_OBJC_MSGSEND = YES;
				GCC_C_LANGUAGE_STANDARD = gnu11;
				GCC_NO_COMMON_BLOCKS = YES;
				GCC_WARN_64_TO_32_BIT_CONVERSION = YES;
				GCC_WARN_ABOUT_RETURN_TYPE = YES_ERROR;
				GCC_WARN_UNDECLARED_SELECTOR = YES;
				GCC_WARN_UNINITIALIZED_AUTOS = YES_AGGRESSIVE;
				GCC_WARN_UNUSED_FUNCTION = YES;
				GCC_WARN_UNUSED_VARIABLE = YES;
				IPHONEOS_DEPLOYMENT_TARGET = 12.2;
				MTL_ENABLE_DEBUG_INFO = NO;
				MTL_FAST_MATH = YES;
				SDKROOT = iphoneos;
				SWIFT_COMPILATION_MODE = wholemodule;
				SWIFT_OPTIMIZATION_LEVEL = "-O";
				VALIDATE_PRODUCT = YES;
			};
			name = Release;
		};
		231172C422C162B100C7053B /* Debug */ = {
			isa = XCBuildConfiguration;
			buildSettings = {
				ASSETCATALOG_COMPILER_APPICON_NAME = AppIcon;
				CODE_SIGN_STYLE = Automatic;
				DEVELOPMENT_TEAM = 42ETQ4A89Z;
				INFOPLIST_FILE = GyroPad/Info.plist;
				LD_RUNPATH_SEARCH_PATHS = (
					"$(inherited)",
					"@executable_path/Frameworks",
				);
				PRODUCT_BUNDLE_IDENTIFIER = com.jake.GyroPad;
				PRODUCT_NAME = "$(TARGET_NAME)";
				SWIFT_VERSION = 5.0;
				TARGETED_DEVICE_FAMILY = "1,2";
			};
			name = Debug;
		};
		231172C522C162B100C7053B /* Release */ = {
			isa = XCBuildConfiguration;
			buildSettings = {
				ASSETCATALOG_COMPILER_APPICON_NAME = AppIcon;
				CODE_SIGN_STYLE = Automatic;
				DEVELOPMENT_TEAM = 42ETQ4A89Z;
				INFOPLIST_FILE = GyroPad/Info.plist;
				LD_RUNPATH_SEARCH_PATHS = (
					"$(inherited)",
					"@executable_path/Frameworks",
				);
				PRODUCT_BUNDLE_IDENTIFIER = com.jake.GyroPad;
				PRODUCT_NAME = "$(TARGET_NAME)";
				SWIFT_VERSION = 5.0;
				TARGETED_DEVICE_FAMILY = "1,2";
			};
			name = Release;
		};
		231172C722C162B100C7053B /* Debug */ = {
			isa = XCBuildConfiguration;
			buildSettings = {
				ALWAYS_EMBED_SWIFT_STANDARD_LIBRARIES = YES;
				BUNDLE_LOADER = "$(TEST_HOST)";
				CODE_SIGN_STYLE = Automatic;
				DEVELOPMENT_TEAM = 42ETQ4A89Z;
				INFOPLIST_FILE = GyroPadTests/Info.plist;
				LD_RUNPATH_SEARCH_PATHS = (
					"$(inherited)",
					"@executable_path/Frameworks",
					"@loader_path/Frameworks",
				);
				PRODUCT_BUNDLE_IDENTIFIER = com.jake.GyroPadTests;
				PRODUCT_NAME = "$(TARGET_NAME)";
				SWIFT_VERSION = 5.0;
				TARGETED_DEVICE_FAMILY = "1,2";
				TEST_HOST = "$(BUILT_PRODUCTS_DIR)/GyroPad.app/GyroPad";
			};
			name = Debug;
		};
		231172C822C162B100C7053B /* Release */ = {
			isa = XCBuildConfiguration;
			buildSettings = {
				ALWAYS_EMBED_SWIFT_STANDARD_LIBRARIES = YES;
				BUNDLE_LOADER = "$(TEST_HOST)";
				CODE_SIGN_STYLE = Automatic;
				DEVELOPMENT_TEAM = 42ETQ4A89Z;
				INFOPLIST_FILE = GyroPadTests/Info.plist;
				LD_RUNPATH_SEARCH_PATHS = (
					"$(inherited)",
					"@executable_path/Frameworks",
					"@loader_path/Frameworks",
				);
				PRODUCT_BUNDLE_IDENTIFIER = com.jake.GyroPadTests;
				PRODUCT_NAME = "$(TARGET_NAME)";
				SWIFT_VERSION = 5.0;
				TARGETED_DEVICE_FAMILY = "1,2";
				TEST_HOST = "$(BUILT_PRODUCTS_DIR)/GyroPad.app/GyroPad";
			};
			name = Release;
		};
		231172CA22C162B100C7053B /* Debug */ = {
			isa = XCBuildConfiguration;
			buildSettings = {
				ALWAYS_EMBED_SWIFT_STANDARD_LIBRARIES = YES;
				CODE_SIGN_STYLE = Automatic;
				DEVELOPMENT_TEAM = 42ETQ4A89Z;
				INFOPLIST_FILE = GyroPadUITests/Info.plist;
				LD_RUNPATH_SEARCH_PATHS = (
					"$(inherited)",
					"@executable_path/Frameworks",
					"@loader_path/Frameworks",
				);
				PRODUCT_BUNDLE_IDENTIFIER = com.jake.GyroPadUITests;
				PRODUCT_NAME = "$(TARGET_NAME)";
				SWIFT_VERSION = 5.0;
				TARGETED_DEVICE_FAMILY = "1,2";
				TEST_TARGET_NAME = GyroPad;
			};
			name = Debug;
		};
		231172CB22C162B100C7053B /* Release */ = {
			isa = XCBuildConfiguration;
			buildSettings = {
				ALWAYS_EMBED_SWIFT_STANDARD_LIBRARIES = YES;
				CODE_SIGN_STYLE = Automatic;
				DEVELOPMENT_TEAM = 42ETQ4A89Z;
				INFOPLIST_FILE = GyroPadUITests/Info.plist;
				LD_RUNPATH_SEARCH_PATHS = (
					"$(inherited)",
					"@executable_path/Frameworks",
					"@loader_path/Frameworks",
				);
				PRODUCT_BUNDLE_IDENTIFIER = com.jake.GyroPadUITests;
				PRODUCT_NAME = "$(TARGET_NAME)";
				SWIFT_VERSION = 5.0;
				TARGETED_DEVICE_FAMILY = "1,2";
				TEST_TARGET_NAME = GyroPad;
			};
			name = Release;
		};
/* End XCBuildConfiguration section */

/* Begin XCConfigurationList section */
		2311729022C162B000C7053B /* Build configuration list for PBXProject "GyroPad" */ = {
			isa = XCConfigurationList;
			buildConfigurations = (
				231172C122C162B100C7053B /* Debug */,
				231172C222C162B100C7053B /* Release */,
			);
			defaultConfigurationIsVisible = 0;
			defaultConfigurationName = Release;
		};
		231172C322C162B100C7053B /* Build configuration list for PBXNativeTarget "GyroPad" */ = {
			isa = XCConfigurationList;
			buildConfigurations = (
				231172C422C162B100C7053B /* Debug */,
				231172C522C162B100C7053B /* Release */,
			);
			defaultConfigurationIsVisible = 0;
			defaultConfigurationName = Release;
		};
		231172C622C162B100C7053B /* Build configuration list for PBXNativeTarget "GyroPadTests" */ = {
			isa = XCConfigurationList;
			buildConfigurations = (
				231172C722C162B100C7053B /* Debug */,
				231172C822C162B100C7053B /* Release */,
			);
			defaultConfigurationIsVisible = 0;
			defaultConfigurationName = Release;
		};
		231172C922C162B100C7053B /* Build configuration list for PBXNativeTarget "GyroPadUITests" */ = {
			isa = XCConfigurationList;
			buildConfigurations = (
				231172CA22C162B100C7053B /* Debug */,
				231172CB22C162B100C7053B /* Release */,
			);
			defaultConfigurationIsVisible = 0;
			defaultConfigurationName = Release;
		};
/* End XCConfigurationList section */
	};
	rootObject = 2311728D22C162B000C7053B /* Project object */;
}
